
Microsoft Visual Studio Solution File, Format Version 12.00
# Visual Studio Version 16
VisualStudioVersion = 16.0.29424.173
MinimumVisualStudioVersion = 10.0.40219.1
Project("{FAE04EC0-301F-11D3-BF4B-00C04F79EFBC}") = "VirtualMemory_Demonstrator", "VirtualMemory_Demonstrator\VirtualMemory_Demonstrator.csproj", "{C95B059D-9CDF-4A88-9866-8CA468D026EC}"
EndProject
Global
	GlobalSection(SolutionConfigurationPlatforms) = preSolution
		Debug|Any CPU = Debug|Any CPU
		Debug|x64 = Debug|x64
		Debug|x86 = Debug|x86
		Release|Any CPU = Release|Any CPU
		Release|x64 = Release|x64
		Release|x86 = Release|x86
	EndGlobalSection
	GlobalSection(ProjectConfigurationPlatforms) = postSolution
		{C95B059D-9CDF-4A88-9866-8CA468D026EC}.Debug|Any CPU.ActiveCfg = Debug|Any CPU
		{C95B059D-9CDF-4A88-9866-8CA468D026EC}.Debug|Any CPU.Build.0 = Debug|Any CPU
		{C95B059D-9CDF-4A88-9866-8CA468D026EC}.Debug|x64.ActiveCfg = Debug|Any CPU
		{C95B059D-9CDF-4A88-9866-8CA468D026EC}.Debug|x64.Build.0 = Debug|Any CPU
		{C95B059D-9CDF-4A88-9866-8CA468D026EC}.Debug|x86.ActiveCfg = Debug|Any CPU
		{C95B059D-9CDF-4A88-9866-8CA468D026EC}.Debug|x86.Build.0 = Debug|Any CPU
		{C95B059D-9CDF-4A88-9866-8CA468D026EC}.Release|Any CPU.ActiveCfg = Release|Any CPU
		{C95B059D-9CDF-4A88-9866-8CA468D026EC}.Release|Any CPU.Build.0 = Release|Any CPU
		{C95B059D-9CDF-4A88-9866-8CA468D026EC}.Release|x64.ActiveCfg = Release|Any CPU
		{C95B059D-9CDF-4A88-9866-8CA468D026EC}.Release|x64.Build.0 = Release|Any CPU
		{C95B059D-9CDF-4A88-9866-8CA468D026EC}.Release|x86.ActiveCfg = Release|Any CPU
		{C95B059D-9CDF-4A88-9866-8CA468D026EC}.Release|x86.Build.0 = Release|Any CPU
	EndGlobalSection
	GlobalSection(SolutionProperties) = preSolution
		HideSolutionNode = FALSE
	EndGlobalSection
	GlobalSection(ExtensibilityGlobals) = postSolution
		SolutionGuid = {9576C176-80D8-4293-8933-6DB063698FDF}
	EndGlobalSection
EndGlobal
